
Microsoft Visual Studio Solution File, Format Version 12.00
# Visual Studio Version 17
VisualStudioVersion = 17.2.32616.157
MinimumVisualStudioVersion = 10.0.40219.1
Project("{2150E333-8FDC-42A3-9474-1A3956D46DE8}") = "Creational", "Creational", "{E7B66F6A-8D2C-49D9-8B8F-3413DE8899C5}"
EndProject
Project("{2150E333-8FDC-42A3-9474-1A3956D46DE8}") = "Structural", "Structural", "{069A53B7-FB99-4F62-8039-C66B511BA96D}"
EndProject
Project("{2150E333-8FDC-42A3-9474-1A3956D46DE8}") = "Behavioral", "Behavioral", "{65444B88-7F38-40C2-953F-C2A337EB1974}"
EndProject
Project("{9A19103F-16F7-4668-BE54-9A1E7A4F7556}") = "design-pattern.singleton", "Creational\design-pattern.singleton\design-pattern.singleton.csproj", "{5A00462A-3843-49F3-AB0E-AB73F9F8A92A}"
EndProject
Project("{9A19103F-16F7-4668-BE54-9A1E7A4F7556}") = "design-pattern.factory-abstract", "Creational\design-pattern.factory-abstract\design-pattern.factory-abstract.csproj", "{14DEADAF-F6E7-48A7-83D2-7C9E8B230C56}"
EndProject
Project("{9A19103F-16F7-4668-BE54-9A1E7A4F7556}") = "design-pattern.factory-method", "Creational\design-pattern.factory-method\design-pattern.factory-method.csproj", "{EAD0ADB6-C6EC-46BB-93ED-6B2210EF15B6}"
EndProject
Project("{9A19103F-16F7-4668-BE54-9A1E7A4F7556}") = "design-pattern.prototype", "Creational\design-pattern.prototype\design-pattern.prototype.csproj", "{EE8960CE-5ACF-435B-9CB6-6602A55748DB}"
EndProject
Project("{FAE04EC0-301F-11D3-BF4B-00C04F79EFBC}") = "design-pattern.builder", "Creational\design-pattern.builder\design-pattern.builder.csproj", "{D3E50F26-6E35-4BE0-ABC5-E057A7C581E5}"
EndProject
Global
	GlobalSection(SolutionConfigurationPlatforms) = preSolution
		Debug|Any CPU = Debug|Any CPU
		Release|Any CPU = Release|Any CPU
	EndGlobalSection
	GlobalSection(ProjectConfigurationPlatforms) = postSolution
		{5A00462A-3843-49F3-AB0E-AB73F9F8A92A}.Debug|Any CPU.ActiveCfg = Debug|Any CPU
		{5A00462A-3843-49F3-AB0E-AB73F9F8A92A}.Debug|Any CPU.Build.0 = Debug|Any CPU
		{5A00462A-3843-49F3-AB0E-AB73F9F8A92A}.Release|Any CPU.ActiveCfg = Release|Any CPU
		{5A00462A-3843-49F3-AB0E-AB73F9F8A92A}.Release|Any CPU.Build.0 = Release|Any CPU
		{14DEADAF-F6E7-48A7-83D2-7C9E8B230C56}.Debug|Any CPU.ActiveCfg = Debug|Any CPU
		{14DEADAF-F6E7-48A7-83D2-7C9E8B230C56}.Debug|Any CPU.Build.0 = Debug|Any CPU
		{14DEADAF-F6E7-48A7-83D2-7C9E8B230C56}.Release|Any CPU.ActiveCfg = Release|Any CPU
		{14DEADAF-F6E7-48A7-83D2-7C9E8B230C56}.Release|Any CPU.Build.0 = Release|Any CPU
		{EAD0ADB6-C6EC-46BB-93ED-6B2210EF15B6}.Debug|Any CPU.ActiveCfg = Debug|Any CPU
		{EAD0ADB6-C6EC-46BB-93ED-6B2210EF15B6}.Debug|Any CPU.Build.0 = Debug|Any CPU
		{EAD0ADB6-C6EC-46BB-93ED-6B2210EF15B6}.Release|Any CPU.ActiveCfg = Release|Any CPU
		{EAD0ADB6-C6EC-46BB-93ED-6B2210EF15B6}.Release|Any CPU.Build.0 = Release|Any CPU
		{EE8960CE-5ACF-435B-9CB6-6602A55748DB}.Debug|Any CPU.ActiveCfg = Debug|Any CPU
		{EE8960CE-5ACF-435B-9CB6-6602A55748DB}.Debug|Any CPU.Build.0 = Debug|Any CPU
		{EE8960CE-5ACF-435B-9CB6-6602A55748DB}.Release|Any CPU.ActiveCfg = Release|Any CPU
		{EE8960CE-5ACF-435B-9CB6-6602A55748DB}.Release|Any CPU.Build.0 = Release|Any CPU
		{D3E50F26-6E35-4BE0-ABC5-E057A7C581E5}.Debug|Any CPU.ActiveCfg = Debug|Any CPU
		{D3E50F26-6E35-4BE0-ABC5-E057A7C581E5}.Debug|Any CPU.Build.0 = Debug|Any CPU
		{D3E50F26-6E35-4BE0-ABC5-E057A7C581E5}.Release|Any CPU.ActiveCfg = Release|Any CPU
		{D3E50F26-6E35-4BE0-ABC5-E057A7C581E5}.Release|Any CPU.Build.0 = Release|Any CPU
	EndGlobalSection
	GlobalSection(SolutionProperties) = preSolution
		HideSolutionNode = FALSE
	EndGlobalSection
	GlobalSection(NestedProjects) = preSolution
		{5A00462A-3843-49F3-AB0E-AB73F9F8A92A} = {E7B66F6A-8D2C-49D9-8B8F-3413DE8899C5}
		{14DEADAF-F6E7-48A7-83D2-7C9E8B230C56} = {E7B66F6A-8D2C-49D9-8B8F-3413DE8899C5}
		{EAD0ADB6-C6EC-46BB-93ED-6B2210EF15B6} = {E7B66F6A-8D2C-49D9-8B8F-3413DE8899C5}
		{EE8960CE-5ACF-435B-9CB6-6602A55748DB} = {E7B66F6A-8D2C-49D9-8B8F-3413DE8899C5}
		{D3E50F26-6E35-4BE0-ABC5-E057A7C581E5} = {E7B66F6A-8D2C-49D9-8B8F-3413DE8899C5}
	EndGlobalSection
	GlobalSection(ExtensibilityGlobals) = postSolution
		SolutionGuid = {DAA9777A-0835-435B-84C4-97400992F8DC}
	EndGlobalSection
EndGlobal
